
Microsoft Visual Studio Solution File, Format Version 12.00
# Visual Studio Version 17
VisualStudioVersion = 17.8.34408.163
MinimumVisualStudioVersion = 10.0.40219.1
Project("{FAE04EC0-301F-11D3-BF4B-00C04F79EFBC}") = "GemGame", "GemGame\GemGame.csproj", "{31FD2C04-16D5-4ED9-833F-2BC28EAC00C1}"
EndProject
Global
	GlobalSection(SolutionConfigurationPlatforms) = preSolution
		Debug|Any CPU = Debug|Any CPU
		Release|Any CPU = Release|Any CPU
	EndGlobalSection
	GlobalSection(ProjectConfigurationPlatforms) = postSolution
		{31FD2C04-16D5-4ED9-833F-2BC28EAC00C1}.Debug|Any CPU.ActiveCfg = Debug|Any CPU
		{31FD2C04-16D5-4ED9-833F-2BC28EAC00C1}.Debug|Any CPU.Build.0 = Debug|Any CPU
		{31FD2C04-16D5-4ED9-833F-2BC28EAC00C1}.Release|Any CPU.ActiveCfg = Release|Any CPU
		{31FD2C04-16D5-4ED9-833F-2BC28EAC00C1}.Release|Any CPU.Build.0 = Release|Any CPU
	EndGlobalSection
	GlobalSection(SolutionProperties) = preSolution
		HideSolutionNode = FALSE
	EndGlobalSection
	GlobalSection(ExtensibilityGlobals) = postSolution
		SolutionGuid = {DFF01D42-9E83-483A-A9E3-6861B1248829}
	EndGlobalSection
EndGlobal
